Microsoft Visual Studio Solution File, Format Version 12.00
# Visual Studio Version 17
VisualStudioVersion = 17.5.2.0
MinimumVisualStudioVersion = 10.0.40219.1
Project("{FAE04EC0-301F-11D3-BF4B-00C04F79EFBC}") = "MeuPontoPJ", "MeuPontoPJ.csproj", "{08D66736-9425-D905-7739-3E15E5ED5A68}"
EndProject
Global
	GlobalSection(SolutionConfigurationPlatforms) = preSolution
		Debug|Any CPU = Debug|Any CPU
		Release|Any CPU = Release|Any CPU
	EndGlobalSection
	GlobalSection(ProjectConfigurationPlatforms) = postSolution
		{08D66736-9425-D905-7739-3E15E5ED5A68}.Debug|Any CPU.ActiveCfg = Debug|Any CPU
		{08D66736-9425-D905-7739-3E15E5ED5A68}.Debug|Any CPU.Build.0 = Debug|Any CPU
		{08D66736-9425-D905-7739-3E15E5ED5A68}.Release|Any CPU.ActiveCfg = Release|Any CPU
		{08D66736-9425-D905-7739-3E15E5ED5A68}.Release|Any CPU.Build.0 = Release|Any CPU
	EndGlobalSection
	GlobalSection(SolutionProperties) = preSolution
		HideSolutionNode = FALSE
	EndGlobalSection
	GlobalSection(ExtensibilityGlobals) = postSolution
		SolutionGuid = {8B514A4A-FB5E-4777-B7CA-27A16A587BF7}
	EndGlobalSection
EndGlobal
